<Solution>
  <Configurations>
    <Platform Name="Any CPU" />
    <Platform Name="x64" />
  </Configurations>
  <Project Path="FlickrSlideshow.Core\FlickrSlideshow.Core.csproj" />
  <Project Path="FlickrSlideshow.csproj">
    <Platform Solution="*|x64" Project="x64" />
  </Project>
  <Project Path="FlickrSlideshow.Xbox2/FlickrSlideshow.Xbox2.csproj">
    <Platform Project="x64" />
  </Project>
</Solution>
